
Microsoft Visual Studio Solution File, Format Version 12.00
# Visual Studio 15
VisualStudioVersion = 15.0.27703.2035
MinimumVisualStudioVersion = 10.0.40219.1
Project("{888888A0-9F3D-457C-B088-3A5042F75D52}") = "hz_eval函数", "hz_eval函数\hz_eval函数.pyproj", "{32070744-B9ED-400E-8A09-6AD7F66C645F}"
EndProject
Global
	GlobalSection(SolutionConfigurationPlatforms) = preSolution
		Debug|Any CPU = Debug|Any CPU
		Release|Any CPU = Release|Any CPU
	EndGlobalSection
	GlobalSection(ProjectConfigurationPlatforms) = postSolution
		{32070744-B9ED-400E-8A09-6AD7F66C645F}.Debug|Any CPU.ActiveCfg = Debug|Any CPU
		{32070744-B9ED-400E-8A09-6AD7F66C645F}.Release|Any CPU.ActiveCfg = Release|Any CPU
	EndGlobalSection
	GlobalSection(SolutionProperties) = preSolution
		HideSolutionNode = FALSE
	EndGlobalSection
	GlobalSection(ExtensibilityGlobals) = postSolution
		SolutionGuid = {54EA260C-72A9-4CB1-95D5-0CA73E274509}
	EndGlobalSection
EndGlobal
